# This file was autogenerated by Stack.
# You should not edit this file by hand.
# For more information, please see the documentation at:
#   https://docs.haskellstack.org/en/stable/lock_files

packages:
- completed:
    hackage: serialport-0.4.7@sha256:faff483f73c8e8e9661dae3788795bb0f4a38413a49fccb77bcdc6827af50182,1430
    pantry-tree:
      size: 762
      sha256: 50b9cd8cc7937d91834a499171f8d0904f63381dda4d90b546fa6f16f1bec2c3
  original:
    hackage: serialport-0.4.7@sha256:faff483f73c8e8e9661dae3788795bb0f4a38413a49fccb77bcdc6827af50182,1430
- completed:
    hackage: fast-builder-0.1.2.0@sha256:d01db8a5f1ac262e2db0375c47e46660c67ad4145bef64cc7303ade096e461ee,2801
    pantry-tree:
      size: 1058
      sha256: b38174b316e6609a6a45da8989470556c8450e87f60f294ed709dc50d905de67
  original:
    hackage: fast-builder-0.1.2.0@sha256:d01db8a5f1ac262e2db0375c47e46660c67ad4145bef64cc7303ade096e461ee,2801
snapshots:
- completed:
    size: 491372
    url: https://raw.githubusercontent.com/commercialhaskell/stackage-snapshots/master/lts/15/5.yaml
    sha256: 1b549cfff328040c382a70a84a2087aac8dab6d778bf92f32a93a771a1980dfc
  original: lts-15.5
